// !$*UTF8*$!
{
	archiveVersion = 1;
	classes = {
	};
	objectVersion = 46;
	objects = {

/* Begin PBXBuildFile section */
		1827A6ED1F4526200020E463 /* AppDelegate.swift in Sources */ = {isa = PBXBuildFile; fileRef = 1827A6EC1F4526200020E463 /* AppDelegate.swift */; };
		1827A6EF1F4526200020E463 /* ViewController.swift in Sources */ = {isa = PBXBuildFile; fileRef = 1827A6EE1F4526200020E463 /* ViewController.swift */; };
		1827A6F21F4526200020E463 /* Main.storyboard in Resources */ = {isa = PBXBuildFile; fileRef = 1827A6F01F4526200020E463 /* Main.storyboard */; };
		1827A6F41F4526200020E463 /* Assets.xcassets in Resources */ = {isa = PBXBuildFile; fileRef = 1827A6F31F4526200020E463 /* Assets.xcassets */; };
		1827A6F71F4526200020E463 /* LaunchScreen.storyboard in Resources */ = {isa = PBXBuildFile; fileRef = 1827A6F51F4526200020E463 /* LaunchScreen.storyboard */; };
		1827A7021F4526200020E463 /* AVPlayerTests.swift in Sources */ = {isa = PBXBuildFile; fileRef = 1827A7011F4526200020E463 /* AVPlayerTests.swift */; };
		1827A70D1F4526200020E463 /* AVPlayerUITests.swift in Sources */ = {isa = PBXBuildFile; fileRef = 1827A70C1F4526200020E463 /* AVPlayerUITests.swift */; };
		1827A71C1F45269A0020E463 /* AVFoundation.framework in Frameworks */ = {isa = PBXBuildFile; fileRef = 1827A71B1F45269A0020E463 /* AVFoundation.framework */; };
		1827A71E1F4526A10020E463 /* UIKit.framework in Frameworks */ = {isa = PBXBuildFile; fileRef = 1827A71D1F4526A10020E463 /* UIKit.framework */; };
		1827A7201F4526AC0020E463 /* Foundation.framework in Frameworks */ = {isa = PBXBuildFile; fileRef = 1827A71F1F4526AC0020E463 /* Foundation.framework */; };
		18B215741F453F010045F843 /* AC_ProgressSlider.m in Sources */ = {isa = PBXBuildFile; fileRef = 18B215731F453F010045F843 /* AC_ProgressSlider.m */; };
/* End PBXBuildFile section */

/* Begin PBXContainerItemProxy section */
		1827A6FE1F4526200020E463 /* PBXContainerItemProxy */ = {
			isa = PBXContainerItemProxy;
			containerPortal = 1827A6E11F4526200020E463 /* Project object */;
			proxyType = 1;
			remoteGlobalIDString = 1827A6E81F4526200020E463;
			remoteInfo = AVPlayer;
		};
		1827A7091F4526200020E463 /* PBXContainerItemProxy */ = {
			isa = PBXContainerItemProxy;
			containerPortal = 1827A6E11F4526200020E463 /* Project object */;
			proxyType = 1;
			remoteGlobalIDString = 1827A6E81F4526200020E463;
			remoteInfo = AVPlayer;
		};
/* End PBXContainerItemProxy section */

/* Begin PBXFileReference section */
		1827A6E91F4526200020E463 /* AVPlayer.app */ = {isa = PBXFileReference; explicitFileType = wrapper.application; includeInIndex = 0; path = AVPlayer.app; sourceTree = BUILT_PRODUCTS_DIR; };
		1827A6EC1F4526200020E463 /* AppDelegate.swift */ = {isa = PBXFileReference; lastKnownFileType = sourcecode.swift; path = AppDelegate.swift; sourceTree = "<group>"; };
		1827A6EE1F4526200020E463 /* ViewController.swift */ = {isa = PBXFileReference; lastKnownFileType = sourcecode.swift; path = ViewController.swift; sourceTree = "<group>"; };
		1827A6F11F4526200020E463 /* Base */ = {isa = PBXFileReference; lastKnownFileType = file.storyboard; name = Base; path = Base.lproj/Main.storyboard; sourceTree = "<group>"; };
		1827A6F31F4526200020E463 /* Assets.xcassets */ = {isa = PBXFileReference; lastKnownFileType = folder.assetcatalog; path = Assets.xcassets; sourceTree = "<group>"; };
		1827A6F61F4526200020E463 /* Base */ = {isa = PBXFileReference; lastKnownFileType = file.storyboard; name = Base; path = Base.lproj/LaunchScreen.storyboard; sourceTree = "<group>"; };
		1827A6F81F4526200020E463 /* Info.plist */ = {isa = PBXFileReference; lastKnownFileType = text.plist.xml; path = Info.plist; sourceTree = "<group>"; };
		1827A6FD1F4526200020E463 /* AVPlayerTests.xctest */ = {isa = PBXFileReference; explicitFileType = wrapper.cfbundle; includeInIndex = 0; path = AVPlayerTests.xctest; sourceTree = BUILT_PRODUCTS_DIR; };
		1827A7011F4526200020E463 /* AVPlayerTests.swift */ = {isa = PBXFileReference; lastKnownFileType = sourcecode.swift; path = AVPlayerTests.swift; sourceTree = "<group>"; };
		1827A7031F4526200020E463 /* Info.plist */ = {isa = PBXFileReference; lastKnownFileType = text.plist.xml; path = Info.plist; sourceTree = "<group>"; };
		1827A7081F4526200020E463 /* AVPlayerUITests.xctest */ = {isa = PBXFileReference; explicitFileType = wrapper.cfbundle; includeInIndex = 0; path = AVPlayerUITests.xctest; sourceTree = BUILT_PRODUCTS_DIR; };
		1827A70C1F4526200020E463 /* AVPlayerUITests.swift */ = {isa = PBXFileReference; lastKnownFileType = sourcecode.swift; path = AVPlayerUITests.swift; sourceTree = "<group>"; };
		1827A70E1F4526200020E463 /* Info.plist */ = {isa = PBXFileReference; lastKnownFileType = text.plist.xml; path = Info.plist; sourceTree = "<group>"; };
		1827A71B1F45269A0020E463 /* AVFoundation.framework */ = {isa = PBXFileReference; lastKnownFileType = wrapper.framework; name = AVFoundation.framework; path = System/Library/Frameworks/AVFoundation.framework; sourceTree = SDKROOT; };
		1827A71D1F4526A10020E463 /* UIKit.framework */ = {isa = PBXFileReference; lastKnownFileType = wrapper.framework; name = UIKit.framework; path = System/Library/Frameworks/UIKit.framework; sourceTree = SDKROOT; };
		1827A71F1F4526AC0020E463 /* Foundation.framework */ = {isa = PBXFileReference; lastKnownFileType = wrapper.framework; name = Foundation.framework; path = System/Library/Frameworks/Foundation.framework; sourceTree = SDKROOT; };
		18B215711F453F000045F843 /* AVPlayer-Bridging-Header.h */ = {isa = PBXFileReference; lastKnownFileType = sourcecode.c.h; path = "AVPlayer-Bridging-Header.h"; sourceTree = "<group>"; };
		18B215721F453F010045F843 /* AC_ProgressSlider.h */ = {isa = PBXFileReference; fileEncoding = 4; lastKnownFileType = sourcecode.c.h; path = AC_ProgressSlider.h; sourceTree = "<group>"; };
		18B215731F453F010045F843 /* AC_ProgressSlider.m */ = {isa = PBXFileReference; fileEncoding = 4; lastKnownFileType = sourcecode.c.objc; path = AC_ProgressSlider.m; sourceTree = "<group>"; };
/* End PBXFileReference section */

/* Begin PBXFrameworksBuildPhase section */
		1827A6E61F4526200020E463 /* Frameworks */ = {
			isa = PBXFrameworksBuildPhase;
			buildActionMask = 2147483647;
			files = (
				1827A7201F4526AC0020E463 /* Foundation.framework in Frameworks */,
				1827A71E1F4526A10020E463 /* UIKit.framework in Frameworks */,
				1827A71C1F45269A0020E463 /* AVFoundation.framework in Frameworks */,
			);
			runOnlyForDeploymentPostprocessing = 0;
		};
		1827A6FA1F4526200020E463 /* Frameworks */ = {
			isa = PBXFrameworksBuildPhase;
			buildActionMask = 2147483647;
			files = (
			);
			runOnlyForDeploymentPostprocessing = 0;
		};
		1827A7051F4526200020E463 /* Frameworks */ = {
			isa = PBXFrameworksBuildPhase;
			buildActionMask = 2147483647;
			files = (
			);
			runOnlyForDeploymentPostprocessing = 0;
		};
/* End PBXFrameworksBuildPhase section */

/* Begin PBXGroup section */
		1827A6E01F4526200020E463 = {
			isa = PBXGroup;
			children = (
				1827A6EB1F4526200020E463 /* AVPlayer */,
				1827A7001F4526200020E463 /* AVPlayerTests */,
				1827A70B1F4526200020E463 /* AVPlayerUITests */,
				1827A6EA1F4526200020E463 /* Products */,
				1827A71A1F45269A0020E463 /* Frameworks */,
			);
			sourceTree = "<group>";
		};
		1827A6EA1F4526200020E463 /* Products */ = {
			isa = PBXGroup;
			children = (
				1827A6E91F4526200020E463 /* AVPlayer.app */,
				1827A6FD1F4526200020E463 /* AVPlayerTests.xctest */,
				1827A7081F4526200020E463 /* AVPlayerUITests.xctest */,
			);
			name = Products;
			sourceTree = "<group>";
		};
		1827A6EB1F4526200020E463 /* AVPlayer */ = {
			isa = PBXGroup;
			children = (
				18B215721F453F010045F843 /* AC_ProgressSlider.h */,
				18B215731F453F010045F843 /* AC_ProgressSlider.m */,
				1827A6EC1F4526200020E463 /* AppDelegate.swift */,
				1827A6EE1F4526200020E463 /* ViewController.swift */,
				1827A6F01F4526200020E463 /* Main.storyboard */,
				1827A6F31F4526200020E463 /* Assets.xcassets */,
				1827A6F51F4526200020E463 /* LaunchScreen.storyboard */,
				1827A6F81F4526200020E463 /* Info.plist */,
				18B215711F453F000045F843 /* AVPlayer-Bridging-Header.h */,
			);
			path = AVPlayer;
			sourceTree = "<group>";
		};
		1827A7001F4526200020E463 /* AVPlayerTests */ = {
			isa = PBXGroup;
			children = (
				1827A7011F4526200020E463 /* AVPlayerTests.swift */,
				1827A7031F4526200020E463 /* Info.plist */,
			);
			path = AVPlayerTests;
			sourceTree = "<group>";
		};
		1827A70B1F4526200020E463 /* AVPlayerUITests */ = {
			isa = PBXGroup;
			children = (
				1827A70C1F4526200020E463 /* AVPlayerUITests.swift */,
				1827A70E1F4526200020E463 /* Info.plist */,
			);
			path = AVPlayerUITests;
			sourceTree = "<group>";
		};
		1827A71A1F45269A0020E463 /* Frameworks */ = {
			isa = PBXGroup;
			children = (
				1827A71F1F4526AC0020E463 /* Foundation.framework */,
				1827A71D1F4526A10020E463 /* UIKit.framework */,
				1827A71B1F45269A0020E463 /* AVFoundation.framework */,
			);
			name = Frameworks;
			sourceTree = "<group>";
		};
/* End PBXGroup section */

/* Begin PBXNativeTarget section */
		1827A6E81F4526200020E463 /* AVPlayer */ = {
			isa = PBXNativeTarget;
			buildConfigurationList = 1827A7111F4526200020E463 /* Build configuration list for PBXNativeTarget "AVPlayer" */;
			buildPhases = (
				1827A6E51F4526200020E463 /* Sources */,
				1827A6E61F4526200020E463 /* Frameworks */,
				1827A6E71F4526200020E463 /* Resources */,
			);
			buildRules = (
			);
			dependencies = (
			);
			name = AVPlayer;
			productName = AVPlayer;
			productReference = 1827A6E91F4526200020E463 /* AVPlayer.app */;
			productType = "com.apple.product-type.application";
		};
		1827A6FC1F4526200020E463 /* AVPlayerTests */ = {
			isa = PBXNativeTarget;
			buildConfigurationList = 1827A7141F4526200020E463 /* Build configuration list for PBXNativeTarget "AVPlayerTests" */;
			buildPhases = (
				1827A6F91F4526200020E463 /* Sources */,
				1827A6FA1F4526200020E463 /* Frameworks */,
				1827A6FB1F4526200020E463 /* Resources */,
			);
			buildRules = (
			);
			dependencies = (
				1827A6FF1F4526200020E463 /* PBXTargetDependency */,
			);
			name = AVPlayerTests;
			productName = AVPlayerTests;
			productReference = 1827A6FD1F4526200020E463 /* AVPlayerTests.xctest */;
			productType = "com.apple.product-type.bundle.unit-test";
		};
		1827A7071F4526200020E463 /* AVPlayerUITests */ = {
			isa = PBXNativeTarget;
			buildConfigurationList = 1827A7171F4526200020E463 /* Build configuration list for PBXNativeTarget "AVPlayerUITests" */;
			buildPhases = (
				1827A7041F4526200020E463 /* Sources */,
				1827A7051F4526200020E463 /* Frameworks */,
				1827A7061F4526200020E463 /* Resources */,
			);
			buildRules = (
			);
			dependencies = (
				1827A70A1F4526200020E463 /* PBXTargetDependency */,
			);
			name = AVPlayerUITests;
			productName = AVPlayerUITests;
			productReference = 1827A7081F4526200020E463 /* AVPlayerUITests.xctest */;
			productType = "com.apple.product-type.bundle.ui-testing";
		};
/* End PBXNativeTarget section */

/* Begin PBXProject section */
		1827A6E11F4526200020E463 /* Project object */ = {
			isa = PBXProject;
			attributes = {
				LastSwiftUpdateCheck = 0830;
				LastUpgradeCheck = 0830;
				ORGANIZATIONNAME = apple;
				TargetAttributes = {
					1827A6E81F4526200020E463 = {
						CreatedOnToolsVersion = 8.3.3;
						DevelopmentTeam = 6XJ23F2ZXN;
						LastSwiftMigration = 0830;
						ProvisioningStyle = Automatic;
					};
					1827A6FC1F4526200020E463 = {
						CreatedOnToolsVersion = 8.3.3;
						DevelopmentTeam = 6XJ23F2ZXN;
						ProvisioningStyle = Automatic;
						TestTargetID = 1827A6E81F4526200020E463;
					};
					1827A7071F4526200020E463 = {
						CreatedOnToolsVersion = 8.3.3;
						DevelopmentTeam = 6XJ23F2ZXN;
						ProvisioningStyle = Automatic;
						TestTargetID = 1827A6E81F4526200020E463;
					};
				};
			};
			buildConfigurationList = 1827A6E41F4526200020E463 /* Build configuration list for PBXProject "AVPlayer" */;
			compatibilityVersion = "Xcode 3.2";
			developmentRegion = English;
			hasScannedForEncodings = 0;
			knownRegions = (
				en,
				Base,
			);
			mainGroup = 1827A6E01F4526200020E463;
			productRefGroup = 1827A6EA1F4526200020E463 /* Products */;
			projectDirPath = "";
			projectRoot = "";
			targets = (
				1827A6E81F4526200020E463 /* AVPlayer */,
				1827A6FC1F4526200020E463 /* AVPlayerTests */,
				1827A7071F4526200020E463 /* AVPlayerUITests */,
			);
		};
/* End PBXProject section */

/* Begin PBXResourcesBuildPhase section */
		1827A6E71F4526200020E463 /* Resources */ = {
			isa = PBXResourcesBuildPhase;
			buildActionMask = 2147483647;
			files = (
				1827A6F71F4526200020E463 /* LaunchScreen.storyboard in Resources */,
				1827A6F41F4526200020E463 /* Assets.xcassets in Resources */,
				1827A6F21F4526200020E463 /* Main.storyboard in Resources */,
			);
			runOnlyForDeploymentPostprocessing = 0;
		};
		1827A6FB1F4526200020E463 /* Resources */ = {
			isa = PBXResourcesBuildPhase;
			buildActionMask = 2147483647;
			files = (
			);
			runOnlyForDeploymentPostprocessing = 0;
		};
		1827A7061F4526200020E463 /* Resources */ = {
			isa = PBXResourcesBuildPhase;
			buildActionMask = 2147483647;
			files = (
			);
			runOnlyForDeploymentPostprocessing = 0;
		};
/* End PBXResourcesBuildPhase section */

/* Begin PBXSourcesBuildPhase section */
		1827A6E51F4526200020E463 /* Sources */ = {
			isa = PBXSourcesBuildPhase;
			buildActionMask = 2147483647;
			files = (
				1827A6EF1F4526200020E463 /* ViewController.swift in Sources */,
				1827A6ED1F4526200020E463 /* AppDelegate.swift in Sources */,
				18B215741F453F010045F843 /* AC_ProgressSlider.m in Sources */,
			);
			runOnlyForDeploymentPostprocessing = 0;
		};
		1827A6F91F4526200020E463 /* Sources */ = {
			isa = PBXSourcesBuildPhase;
			buildActionMask = 2147483647;
			files = (
				1827A7021F4526200020E463 /* AVPlayerTests.swift in Sources */,
			);
			runOnlyForDeploymentPostprocessing = 0;
		};
		1827A7041F4526200020E463 /* Sources */ = {
			isa = PBXSourcesBuildPhase;
			buildActionMask = 2147483647;
			files = (
				1827A70D1F4526200020E463 /* AVPlayerUITests.swift in Sources */,
			);
			runOnlyForDeploymentPostprocessing = 0;
		};
/* End PBXSourcesBuildPhase section */

/* Begin PBXTargetDependency section */
		1827A6FF1F4526200020E463 /* PBXTargetDependency */ = {
			isa = PBXTargetDependency;
			target = 1827A6E81F4526200020E463 /* AVPlayer */;
			targetProxy = 1827A6FE1F4526200020E463 /* PBXContainerItemProxy */;
		};
		1827A70A1F4526200020E463 /* PBXTargetDependency */ = {
			isa = PBXTargetDependency;
			target = 1827A6E81F4526200020E463 /* AVPlayer */;
			targetProxy = 1827A7091F4526200020E463 /* PBXContainerItemProxy */;
		};
/* End PBXTargetDependency section */

/* Begin PBXVariantGroup section */
		1827A6F01F4526200020E463 /* Main.storyboard */ = {
			isa = PBXVariantGroup;
			children = (
				1827A6F11F4526200020E463 /* Base */,
			);
			name = Main.storyboard;
			sourceTree = "<group>";
		};
		1827A6F51F4526200020E463 /* LaunchScreen.storyboard */ = {
			isa = PBXVariantGroup;
			children = (
				1827A6F61F4526200020E463 /* Base */,
			);
			name = LaunchScreen.storyboard;
			sourceTree = "<group>";
		};
/* End PBXVariantGroup section */

/* Begin XCBuildConfiguration section */
		1827A70F1F4526200020E463 /* Debug */ = {
			isa = XCBuildConfiguration;
			buildSettings = {
				ALWAYS_SEARCH_USER_PATHS = NO;
				CLANG_ANALYZER_NONNULL = YES;
				CLANG_ANALYZER_NUMBER_OBJECT_CONVERSION = YES_AGGRESSIVE;
				CLANG_CXX_LANGUAGE_STANDARD = "gnu++0x";
				CLANG_CXX_LIBRARY = "libc++";
				CLANG_ENABLE_MODULES = YES;
				CLANG_ENABLE_OBJC_ARC = YES;
				CLANG_WARN_BOOL_CONVERSION = YES;
				CLANG_WARN_CONSTANT_CONVERSION = YES;
				CLANG_WARN_DIRECT_OBJC_ISA_USAGE = YES_ERROR;
				CLANG_WARN_DOCUMENTATION_COMMENTS = YES;
				CLANG_WARN_EMPTY_BODY = YES;
				CLANG_WARN_ENUM_CONVERSION = YES;
				CLANG_WARN_INFINITE_RECURSION = YES;
				CLANG_WARN_INT_CONVERSION = YES;
				CLANG_WARN_OBJC_ROOT_CLASS = YES_ERROR;
				CLANG_WARN_SUSPICIOUS_MOVE = YES;
				CLANG_WARN_UNREACHABLE_CODE = YES;
				CLANG_WARN__DUPLICATE_METHOD_MATCH = YES;
				"CODE_SIGN_IDENTITY[sdk=iphoneos*]" = "iPhone Developer";
				COPY_PHASE_STRIP = NO;
				DEBUG_INFORMATION_FORMAT = dwarf;
				ENABLE_STRICT_OBJC_MSGSEND = YES;
				ENABLE_TESTABILITY = YES;
				GCC_C_LANGUAGE_STANDARD = gnu99;
				GCC_DYNAMIC_NO_PIC = NO;
				GCC_NO_COMMON_BLOCKS = YES;
				GCC_OPTIMIZATION_LEVEL = 0;
				GCC_PREPROCESSOR_DEFINITIONS = (
					"DEBUG=1",
					"$(inherited)",
				);
				GCC_WARN_64_TO_32_BIT_CONVERSION = YES;
				GCC_WARN_ABOUT_RETURN_TYPE = YES_ERROR;
				GCC_WARN_UNDECLARED_SELECTOR = YES;
				GCC_WARN_UNINITIALIZED_AUTOS = YES_AGGRESSIVE;
				GCC_WARN_UNUSED_FUNCTION = YES;
				GCC_WARN_UNUSED_VARIABLE = YES;
				IPHONEOS_DEPLOYMENT_TARGET = 10.3;
				MTL_ENABLE_DEBUG_INFO = YES;
				ONLY_ACTIVE_ARCH = YES;
				SDKROOT = iphoneos;
				SWIFT_ACTIVE_COMPILATION_CONDITIONS = DEBUG;
				SWIFT_OPTIMIZATION_LEVEL = "-Onone";
			};
			name = Debug;
		};
		1827A7101F4526200020E463 /* Release */ = {
			isa = XCBuildConfiguration;
			buildSettings = {
				ALWAYS_SEARCH_USER_PATHS = NO;
				CLANG_ANALYZER_NONNULL = YES;
				CLANG_ANALYZER_NUMBER_OBJECT_CONVERSION = YES_AGGRESSIVE;
				CLANG_CXX_LANGUAGE_STANDARD = "gnu++0x";
				CLANG_CXX_LIBRARY = "libc++";
				CLANG_ENABLE_MODULES = YES;
				CLANG_ENABLE_OBJC_ARC = YES;
				CLANG_WARN_BOOL_CONVERSION = YES;
				CLANG_WARN_CONSTANT_CONVERSION = YES;
				CLANG_WARN_DIRECT_OBJC_ISA_USAGE = YES_ERROR;
				CLANG_WARN_DOCUMENTATION_COMMENTS = YES;
				CLANG_WARN_EMPTY_BODY = YES;
				CLANG_WARN_ENUM_CONVERSION = YES;
				CLANG_WARN_INFINITE_RECURSION = YES;
				CLANG_WARN_INT_CONVERSION = YES;
				CLANG_WARN_OBJC_ROOT_CLASS = YES_ERROR;
				CLANG_WARN_SUSPICIOUS_MOVE = YES;
				CLANG_WARN_UNREACHABLE_CODE = YES;
				CLANG_WARN__DUPLICATE_METHOD_MATCH = YES;
				"CODE_SIGN_IDENTITY[sdk=iphoneos*]" = "iPhone Developer";
				COPY_PHASE_STRIP = NO;
				DEBUG_INFORMATION_FORMAT = "dwarf-with-dsym";
				ENABLE_NS_ASSERTIONS = NO;
				ENABLE_STRICT_OBJC_MSGSEND = YES;
				GCC_C_LANGUAGE_STANDARD = gnu99;
				GCC_NO_COMMON_BLOCKS = YES;
				GCC_WARN_64_TO_32_BIT_CONVERSION = YES;
				GCC_WARN_ABOUT_RETURN_TYPE = YES_ERROR;
				GCC_WARN_UNDECLARED_SELECTOR = YES;
				GCC_WARN_UNINITIALIZED_AUTOS = YES_AGGRESSIVE;
				GCC_WARN_UNUSED_FUNCTION = YES;
				GCC_WARN_UNUSED_VARIABLE = YES;
				IPHONEOS_DEPLOYMENT_TARGET = 10.3;
				MTL_ENABLE_DEBUG_INFO = NO;
				SDKROOT = iphoneos;
				SWIFT_OPTIMIZATION_LEVEL = "-Owholemodule";
				VALIDATE_PRODUCT = YES;
			};
			name = Release;
		};
		1827A7121F4526200020E463 /* Debug */ = {
			isa = XCBuildConfiguration;
			buildSettings = {
				ASSETCATALOG_COMPILER_APPICON_NAME = AppIcon;
				CLANG_ENABLE_MODULES = YES;
				DEVELOPMENT_TEAM = 6XJ23F2ZXN;
				INFOPLIST_FILE = AVPlayer/Info.plist;
				LD_RUNPATH_SEARCH_PATHS = "$(inherited) @executable_path/Frameworks";
				PRODUCT_BUNDLE_IDENTIFIER = com.cey.AVPlayer;
				PRODUCT_NAME = "$(TARGET_NAME)";
				SWIFT_OBJC_BRIDGING_HEADER = "$(SRCROOT)/AVPlayer/AVPlayer-Bridging-Header.h";
				SWIFT_OPTIMIZATION_LEVEL = "-Onone";
				SWIFT_VERSION = 3.0;
			};
			name = Debug;
		};
		1827A7131F4526200020E463 /* Release */ = {
			isa = XCBuildConfiguration;
			buildSettings = {
				ASSETCATALOG_COMPILER_APPICON_NAME = AppIcon;
				CLANG_ENABLE_MODULES = YES;
				DEVELOPMENT_TEAM = 6XJ23F2ZXN;
				INFOPLIST_FILE = AVPlayer/Info.plist;
				LD_RUNPATH_SEARCH_PATHS = "$(inherited) @executable_path/Frameworks";
				PRODUCT_BUNDLE_IDENTIFIER = com.cey.AVPlayer;
				PRODUCT_NAME = "$(TARGET_NAME)";
				SWIFT_OBJC_BRIDGING_HEADER = "$(SRCROOT)/AVPlayer/AVPlayer-Bridging-Header.h";
				SWIFT_VERSION = 3.0;
			};
			name = Release;
		};
		1827A7151F4526200020E463 /* Debug */ = {
			isa = XCBuildConfiguration;
			buildSettings = {
				ALWAYS_EMBED_SWIFT_STANDARD_LIBRARIES = YES;
				BUNDLE_LOADER = "$(TEST_HOST)";
				DEVELOPMENT_TEAM = 6XJ23F2ZXN;
				INFOPLIST_FILE = AVPlayerTests/Info.plist;
				LD_RUNPATH_SEARCH_PATHS = "$(inherited) @executable_path/Frameworks @loader_path/Frameworks";
				PRODUCT_BUNDLE_IDENTIFIER = com.cey.AVPlayerTests;
				PRODUCT_NAME = "$(TARGET_NAME)";
				SWIFT_VERSION = 3.0;
				TEST_HOST = "$(BUILT_PRODUCTS_DIR)/AVPlayer.app/AVPlayer";
			};
			name = Debug;
		};
		1827A7161F4526200020E463 /* Release */ = {
			isa = XCBuildConfiguration;
			buildSettings = {
				ALWAYS_EMBED_SWIFT_STANDARD_LIBRARIES = YES;
				BUNDLE_LOADER = "$(TEST_HOST)";
				DEVELOPMENT_TEAM = 6XJ23F2ZXN;
				INFOPLIST_FILE = AVPlayerTests/Info.plist;
				LD_RUNPATH_SEARCH_PATHS = "$(inherited) @executable_path/Frameworks @loader_path/Frameworks";
				PRODUCT_BUNDLE_IDENTIFIER = com.cey.AVPlayerTests;
				PRODUCT_NAME = "$(TARGET_NAME)";
				SWIFT_VERSION = 3.0;
				TEST_HOST = "$(BUILT_PRODUCTS_DIR)/AVPlayer.app/AVPlayer";
			};
			name = Release;
		};
		1827A7181F4526200020E463 /* Debug */ = {
			isa = XCBuildConfiguration;
			buildSettings = {
				ALWAYS_EMBED_SWIFT_STANDARD_LIBRARIES = YES;
				DEVELOPMENT_TEAM = 6XJ23F2ZXN;
				INFOPLIST_FILE = AVPlayerUITests/Info.plist;
				LD_RUNPATH_SEARCH_PATHS = "$(inherited) @executable_path/Frameworks @loader_path/Frameworks";
				PRODUCT_BUNDLE_IDENTIFIER = com.cey.AVPlayerUITests;
				PRODUCT_NAME = "$(TARGET_NAME)";
				SWIFT_VERSION = 3.0;
				TEST_TARGET_NAME = AVPlayer;
			};
			name = Debug;
		};
		1827A7191F4526200020E463 /* Release */ = {
			isa = XCBuildConfiguration;
			buildSettings = {
				ALWAYS_EMBED_SWIFT_STANDARD_LIBRARIES = YES;
				DEVELOPMENT_TEAM = 6XJ23F2ZXN;
				INFOPLIST_FILE = AVPlayerUITests/Info.plist;
				LD_RUNPATH_SEARCH_PATHS = "$(inherited) @executable_path/Frameworks @loader_path/Frameworks";
				PRODUCT_BUNDLE_IDENTIFIER = com.cey.AVPlayerUITests;
				PRODUCT_NAME = "$(TARGET_NAME)";
				SWIFT_VERSION = 3.0;
				TEST_TARGET_NAME = AVPlayer;
			};
			name = Release;
		};
/* End XCBuildConfiguration section */

/* Begin XCConfigurationList section */
		1827A6E41F4526200020E463 /* Build configuration list for PBXProject "AVPlayer" */ = {
			isa = XCConfigurationList;
			buildConfigurations = (
				1827A70F1F4526200020E463 /* Debug */,
				1827A7101F4526200020E463 /* Release */,
			);
			defaultConfigurationIsVisible = 0;
			defaultConfigurationName = Release;
		};
		1827A7111F4526200020E463 /* Build configuration list for PBXNativeTarget "AVPlayer" */ = {
			isa = XCConfigurationList;
			buildConfigurations = (
				1827A7121F4526200020E463 /* Debug */,
				1827A7131F4526200020E463 /* Release */,
			);
			defaultConfigurationIsVisible = 0;
			defaultConfigurationName = Release;
		};
		1827A7141F4526200020E463 /* Build configuration list for PBXNativeTarget "AVPlayerTests" */ = {
			isa = XCConfigurationList;
			buildConfigurations = (
				1827A7151F4526200020E463 /* Debug */,
				1827A7161F4526200020E463 /* Release */,
			);
			defaultConfigurationIsVisible = 0;
			defaultConfigurationName = Release;
		};
		1827A7171F4526200020E463 /* Build configuration list for PBXNativeTarget "AVPlayerUITests" */ = {
			isa = XCConfigurationList;
			buildConfigurations = (
				1827A7181F4526200020E463 /* Debug */,
				1827A7191F4526200020E463 /* Release */,
			);
			defaultConfigurationIsVisible = 0;
			defaultConfigurationName = Release;
		};
/* End XCConfigurationList section */
	};
	rootObject = 1827A6E11F4526200020E463 /* Project object */;
}
